{
  "version": 4,
  "terraform_version": "1.0.11",
  "serial": 57,
  "lineage": "3f93a61f-4a27-c8d6-bd13-70205b1d945f",
  "outputs": {
    "virtual_machine_id": {
      "value": "/subscriptions/bde1e6fb-e8fa-4a3a-99ae-a1a1bc99769a/resourceGroups/AzureDevOps-RG/providers/Microsoft.Compute/virtualMachines/Sree1",
      "type": "string"
    }
  },
  "resources": [
    {
      "mode": "data",
      "type": "azurerm_virtual_machine",
      "name": "example",
      "provider": "provider[\"registry.terraform.io/hashicorp/azurerm\"]",
      "instances": [
        {
          "schema_version": 0,
          "attributes": {
            "id": "/subscriptions/bde1e6fb-e8fa-4a3a-99ae-a1a1bc99769a/resourceGroups/AzureDevOps-RG/providers/Microsoft.Compute/virtualMachines/Sree1",
            "identity": [],
            "location": "centralindia",
            "name": "Sree1",
            "private_ip_address": "10.0.0.6",
            "private_ip_addresses": [
              "10.0.0.6"
            ],
            "public_ip_address": "20.197.58.121",
            "public_ip_addresses": [
              "20.197.58.121"
            ],
            "resource_group_name": "AzureDevOps-RG",
            "timeouts": null
          },
          "sensitive_attributes": []
        }
      ]
    },
    {
      "mode": "managed",
      "type": "azurerm_log_analytics_solution",
      "name": "example",
      "provider": "provider[\"registry.terraform.io/hashicorp/azurerm\"]",
      "instances": [
        {
          "schema_version": 1,
          "attributes": {
            "id": "/subscriptions/bde1e6fb-e8fa-4a3a-99ae-a1a1bc99769a/resourceGroups/AzureDevOps-RG/providers/Microsoft.OperationsManagement/solutions/SecurityCenterFree(SAPLogAnalytic)",
            "location": "centralindia",
            "plan": [
              {
                "name": "SecurityCenterFree(saploganalytic)",
                "product": "OMSGallery/SecurityCenterFree",
                "promotion_code": "",
                "publisher": "Microsoft"
              }
            ],
            "resource_group_name": "AzureDevOps-RG",
            "solution_name": "SecurityCenterFree",
            "tags": {},
            "timeouts": null,
            "workspace_name": "SAPLogAnalytic",
            "workspace_resource_id": "/subscriptions/bde1e6fb-e8fa-4a3a-99ae-a1a1bc99769a/resourceGroups/AzureDevOps-RG/providers/Microsoft.OperationalInsights/workspaces/SAPLogAnalytic"
          },
          "sensitive_attributes": [],
          "private": "eyJlMmJmYjczMC1lY2FhLTExZTYtOGY4OC0zNDM2M2JjN2M0YzAiOnsiY3JlYXRlIjoxODAwMDAwMDAwMDAwLCJkZWxldGUiOjE4MDAwMDAwMDAwMDAsInJlYWQiOjMwMDAwMDAwMDAwMCwidXBkYXRlIjoxODAwMDAwMDAwMDAwfSwic2NoZW1hX3ZlcnNpb24iOiIxIn0=",
          "dependencies": [
            "data.azurerm_virtual_machine.example",
            "azurerm_log_analytics_workspace.LAW"
          ]
        }
      ]
    },
    {
      "mode": "managed",
      "type": "azurerm_log_analytics_workspace",
      "name": "LAW",
      "provider": "provider[\"registry.terraform.io/hashicorp/azurerm\"]",
      "instances": [
        {
          "schema_version": 2,
          "attributes": {
            "cmk_for_query_forced": false,
            "daily_quota_gb": -1,
            "id": "/subscriptions/bde1e6fb-e8fa-4a3a-99ae-a1a1bc99769a/resourceGroups/AzureDevOps-RG/providers/Microsoft.OperationalInsights/workspaces/SAPLogAnalytic",
            "internet_ingestion_enabled": true,
            "internet_query_enabled": true,
            "location": "centralindia",
            "name": "SAPLogAnalytic",
            "primary_shared_key": "BS7QZIaooSjvua2djStEof48lE61k9kxTaWSBOv4OBAQD6HUL6UigQVZW4PLRWChYdz8e1+6uXRUuhBd3qKj/w==",
            "reservation_capacity_in_gb_per_day": null,
            "resource_group_name": "AzureDevOps-RG",
            "retention_in_days": 30,
            "secondary_shared_key": "kADIE1rjvVPrSvRg1f47Sdw3fc+sNtjbiJVsln2dfxtskKysNBIgSfS7X2ekXlwV/KPJOdTfgmEj6PAW0YQ0Kg==",
            "sku": "PerGB2018",
            "tags": {},
            "timeouts": {
              "create": null,
              "delete": null,
              "read": null,
              "update": null
            },
            "workspace_id": "1adbf48f-be58-408b-b6d2-8b056526e4d4"
          },
          "sensitive_attributes": [],
          "private": "eyJlMmJmYjczMC1lY2FhLTExZTYtOGY4OC0zNDM2M2JjN2M0YzAiOnsiY3JlYXRlIjoxODAwMDAwMDAwMDAwLCJkZWxldGUiOjE4MDAwMDAwMDAwMDAsInJlYWQiOjMwMDAwMDAwMDAwMCwidXBkYXRlIjoxODAwMDAwMDAwMDAwfSwic2NoZW1hX3ZlcnNpb24iOiIyIn0=",
          "dependencies": [
            "data.azurerm_virtual_machine.example"
          ]
        }
      ]
    },
    {
      "mode": "managed",
      "type": "azurerm_monitor_data_collection_rule",
      "name": "mdcr",
      "provider": "provider[\"registry.terraform.io/hashicorp/azurerm\"]",
      "instances": [
        {
          "schema_version": 0,
          "attributes": {
            "data_flow": [
              {
                "destinations": [
                  "Azure-Monitor-Logs"
                ],
                "streams": [
                  "Microsoft-InsightsMetrics"
                ]
              }
            ],
            "data_sources": [],
            "description": "",
            "destinations": [
              {
                "azure_monitor_metrics": [
                  {
                    "name": "Azure-Monitor-Logs"
                  }
                ],
                "log_analytics": []
              }
            ],
            "id": "/subscriptions/bde1e6fb-e8fa-4a3a-99ae-a1a1bc99769a/resourceGroups/AzureDevOps-RG/providers/Microsoft.Insights/dataCollectionRules/DCAWLSAPDCR",
            "kind": "",
            "location": "centralindia",
            "name": "DCAWLSAPDCR",
            "resource_group_name": "AzureDevOps-RG",
            "tags": {},
            "timeouts": null
          },
          "sensitive_attributes": [],
          "private": "eyJlMmJmYjczMC1lY2FhLTExZTYtOGY4OC0zNDM2M2JjN2M0YzAiOnsiY3JlYXRlIjoxODAwMDAwMDAwMDAwLCJkZWxldGUiOjE4MDAwMDAwMDAwMDAsInJlYWQiOjMwMDAwMDAwMDAwMCwidXBkYXRlIjoxODAwMDAwMDAwMDAwfX0=",
          "dependencies": [
            "data.azurerm_virtual_machine.example"
          ]
        }
      ]
    },
    {
      "mode": "managed",
      "type": "azurerm_monitor_data_collection_rule_association",
      "name": "dcra",
      "provider": "provider[\"registry.terraform.io/hashicorp/azurerm\"]",
      "instances": [
        {
          "schema_version": 0,
          "attributes": {
            "data_collection_endpoint_id": "",
            "data_collection_rule_id": "/subscriptions/bde1e6fb-e8fa-4a3a-99ae-a1a1bc99769a/resourceGroups/AzureDevOps-RG/providers/Microsoft.Insights/dataCollectionRules/DCAWLSAPDCR",
            "description": "",
            "id": "/subscriptions/bde1e6fb-e8fa-4a3a-99ae-a1a1bc99769a/resourceGroups/AzureDevOps-RG/providers/Microsoft.Compute/virtualMachines/Sree1/providers/Microsoft.Insights/dataCollectionRuleAssociations/DCAWLSAPdcra",
            "name": "DCAWLSAPdcra",
            "target_resource_id": "/subscriptions/bde1e6fb-e8fa-4a3a-99ae-a1a1bc99769a/resourceGroups/AzureDevOps-RG/providers/Microsoft.Compute/virtualMachines/Sree1",
            "timeouts": null
          },
          "sensitive_attributes": [],
          "private": "eyJlMmJmYjczMC1lY2FhLTExZTYtOGY4OC0zNDM2M2JjN2M0YzAiOnsiY3JlYXRlIjoxODAwMDAwMDAwMDAwLCJkZWxldGUiOjE4MDAwMDAwMDAwMDAsInJlYWQiOjMwMDAwMDAwMDAwMCwidXBkYXRlIjoxODAwMDAwMDAwMDAwfX0=",
          "dependencies": [
            "azurerm_monitor_data_collection_rule.mdcr",
            "data.azurerm_virtual_machine.example"
          ]
        }
      ]
    },
    {
      "mode": "managed",
      "type": "azurerm_storage_account",
      "name": "main",
      "provider": "provider[\"registry.terraform.io/hashicorp/azurerm\"]",
      "instances": [
        {
          "schema_version": 3,
          "attributes": {
            "access_tier": "Hot",
            "account_kind": "StorageV2",
            "account_replication_type": "GRS",
            "account_tier": "Standard",
            "allow_nested_items_to_be_public": true,
            "azure_files_authentication": [],
            "blob_properties": [
              {
                "change_feed_enabled": false,
                "change_feed_retention_in_days": 0,
                "container_delete_retention_policy": [],
                "cors_rule": [],
                "default_service_version": "",
                "delete_retention_policy": [],
                "last_access_time_enabled": false,
                "versioning_enabled": false
              }
            ],
            "cross_tenant_replication_enabled": true,
            "custom_domain": [],
            "customer_managed_key": [],
            "default_to_oauth_authentication": false,
            "edge_zone": "",
            "enable_https_traffic_only": true,
            "id": "/subscriptions/bde1e6fb-e8fa-4a3a-99ae-a1a1bc99769a/resourceGroups/AzureDevOps-RG/providers/Microsoft.Storage/storageAccounts/vminsightsree",
            "identity": [],
            "immutability_policy": [],
            "infrastructure_encryption_enabled": false,
            "is_hns_enabled": false,
            "large_file_share_enabled": null,
            "location": "centralindia",
            "min_tls_version": "TLS1_2",
            "name": "vminsightsree",
            "network_rules": [
              {
                "bypass": [
                  "AzureServices"
                ],
                "default_action": "Allow",
                "ip_rules": [],
                "private_link_access": [],
                "virtual_network_subnet_ids": []
              }
            ],
            "nfsv3_enabled": false,
            "primary_access_key": "NCT/joPIalA2BG2xdLd1GRaKuzrbgHqOWKvCBuLfl+H+QZpJt9QVJota2Lj3Q3PkN+e/1WCa0UHN+ASt7gz2aA==",
            "primary_blob_connection_string": "DefaultEndpointsProtocol=https;BlobEndpoint=https://vminsightsree.blob.core.windows.net/;AccountName=vminsightsree;AccountKey=NCT/joPIalA2BG2xdLd1GRaKuzrbgHqOWKvCBuLfl+H+QZpJt9QVJota2Lj3Q3PkN+e/1WCa0UHN+ASt7gz2aA==",
            "primary_blob_endpoint": "https://vminsightsree.blob.core.windows.net/",
            "primary_blob_host": "vminsightsree.blob.core.windows.net",
            "primary_connection_string": "DefaultEndpointsProtocol=https;AccountName=vminsightsree;AccountKey=NCT/joPIalA2BG2xdLd1GRaKuzrbgHqOWKvCBuLfl+H+QZpJt9QVJota2Lj3Q3PkN+e/1WCa0UHN+ASt7gz2aA==;EndpointSuffix=core.windows.net",
            "primary_dfs_endpoint": "https://vminsightsree.dfs.core.windows.net/",
            "primary_dfs_host": "vminsightsree.dfs.core.windows.net",
            "primary_file_endpoint": "https://vminsightsree.file.core.windows.net/",
            "primary_file_host": "vminsightsree.file.core.windows.net",
            "primary_location": "centralindia",
            "primary_queue_endpoint": "https://vminsightsree.queue.core.windows.net/",
            "primary_queue_host": "vminsightsree.queue.core.windows.net",
            "primary_table_endpoint": "https://vminsightsree.table.core.windows.net/",
            "primary_table_host": "vminsightsree.table.core.windows.net",
            "primary_web_endpoint": "https://vminsightsree.z29.web.core.windows.net/",
            "primary_web_host": "vminsightsree.z29.web.core.windows.net",
            "public_network_access_enabled": true,
            "queue_encryption_key_type": "Service",
            "queue_properties": [
              {
                "cors_rule": [],
                "hour_metrics": [
                  {
                    "enabled": true,
                    "include_apis": true,
                    "retention_policy_days": 7,
                    "version": "1.0"
                  }
                ],
                "logging": [
                  {
                    "delete": false,
                    "read": false,
                    "retention_policy_days": 0,
                    "version": "1.0",
                    "write": false
                  }
                ],
                "minute_metrics": [
                  {
                    "enabled": false,
                    "include_apis": false,
                    "retention_policy_days": 0,
                    "version": "1.0"
                  }
                ]
              }
            ],
            "resource_group_name": "AzureDevOps-RG",
            "routing": [],
            "secondary_access_key": "9iIpYPzWkx85kWVEXKKnK3Y0NAB2iOMJdOl41ftkamfbt1vXxPBvHZ/h27QegHLVFDjglCa9J3Nl+AStlBFnNg==",
            "secondary_blob_connection_string": "",
            "secondary_blob_endpoint": null,
            "secondary_blob_host": null,
            "secondary_connection_string": "DefaultEndpointsProtocol=https;AccountName=vminsightsree;AccountKey=9iIpYPzWkx85kWVEXKKnK3Y0NAB2iOMJdOl41ftkamfbt1vXxPBvHZ/h27QegHLVFDjglCa9J3Nl+AStlBFnNg==;EndpointSuffix=core.windows.net",
            "secondary_dfs_endpoint": null,
            "secondary_dfs_host": null,
            "secondary_file_endpoint": null,
            "secondary_file_host": null,
            "secondary_location": "southindia",
            "secondary_queue_endpoint": null,
            "secondary_queue_host": null,
            "secondary_table_endpoint": null,
            "secondary_table_host": null,
            "secondary_web_endpoint": null,
            "secondary_web_host": null,
            "share_properties": [
              {
                "cors_rule": [],
                "retention_policy": [
                  {
                    "days": 7
                  }
                ],
                "smb": []
              }
            ],
            "shared_access_key_enabled": true,
            "static_website": [],
            "table_encryption_key_type": "Service",
            "tags": {},
            "timeouts": {
              "create": null,
              "delete": null,
              "read": null,
              "update": null
            }
          },
          "sensitive_attributes": [],
          "private": "eyJlMmJmYjczMC1lY2FhLTExZTYtOGY4OC0zNDM2M2JjN2M0YzAiOnsiY3JlYXRlIjozNjAwMDAwMDAwMDAwLCJkZWxldGUiOjM2MDAwMDAwMDAwMDAsInJlYWQiOjMwMDAwMDAwMDAwMCwidXBkYXRlIjozNjAwMDAwMDAwMDAwfSwic2NoZW1hX3ZlcnNpb24iOiIzIn0=",
          "dependencies": [
            "data.azurerm_virtual_machine.example"
          ]
        }
      ]
    },
    {
      "mode": "managed",
      "type": "azurerm_virtual_machine_extension",
      "name": "OMS",
      "provider": "provider[\"registry.terraform.io/hashicorp/azurerm\"]",
      "instances": [
        {
          "schema_version": 0,
          "attributes": {
            "auto_upgrade_minor_version": true,
            "automatic_upgrade_enabled": false,
            "failure_suppression_enabled": false,
            "id": "/subscriptions/bde1e6fb-e8fa-4a3a-99ae-a1a1bc99769a/resourceGroups/AzureDevOps-RG/providers/Microsoft.Compute/virtualMachines/Sree1/extensions/OMSExtension",
            "name": "OMSExtension",
            "protected_settings": "    {\r\n      \"workspaceKey\" : \"BS7QZIaooSjvua2djStEof48lE61k9kxTaWSBOv4OBAQD6HUL6UigQVZW4PLRWChYdz8e1+6uXRUuhBd3qKj/w==\"\r\n    }\r\n",
            "publisher": "Microsoft.EnterpriseCloud.Monitoring",
            "settings": "{\"workspaceId\":\"1adbf48f-be58-408b-b6d2-8b056526e4d4\"}",
            "tags": null,
            "timeouts": null,
            "type": "OmsAgentForLinux",
            "type_handler_version": "1.13",
            "virtual_machine_id": "/subscriptions/bde1e6fb-e8fa-4a3a-99ae-a1a1bc99769a/resourceGroups/AzureDevOps-RG/providers/Microsoft.Compute/virtualMachines/sree1"
          },
          "sensitive_attributes": [
            [
              {
                "type": "get_attr",
                "value": "protected_settings"
              }
            ]
          ],
          "private": "eyJlMmJmYjczMC1lY2FhLTExZTYtOGY4OC0zNDM2M2JjN2M0YzAiOnsiY3JlYXRlIjoxODAwMDAwMDAwMDAwLCJkZWxldGUiOjE4MDAwMDAwMDAwMDAsInJlYWQiOjMwMDAwMDAwMDAwMCwidXBkYXRlIjoxODAwMDAwMDAwMDAwfX0=",
          "dependencies": [
            "azurerm_log_analytics_workspace.LAW",
            "data.azurerm_virtual_machine.example"
          ]
        }
      ]
    },
    {
      "mode": "managed",
      "type": "azurerm_virtual_machine_extension",
      "name": "da",
      "provider": "provider[\"registry.terraform.io/hashicorp/azurerm\"]",
      "instances": [
        {
          "schema_version": 0,
          "attributes": {
            "auto_upgrade_minor_version": true,
            "automatic_upgrade_enabled": false,
            "failure_suppression_enabled": false,
            "id": "/subscriptions/bde1e6fb-e8fa-4a3a-99ae-a1a1bc99769a/resourceGroups/AzureDevOps-RG/providers/Microsoft.Compute/virtualMachines/Sree1/extensions/DepedencyAgent",
            "name": "DepedencyAgent",
            "protected_settings": null,
            "publisher": "Microsoft.Azure.Monitoring.DependencyAgent",
            "settings": null,
            "tags": null,
            "timeouts": null,
            "type": "DependencyAgentLinux",
            "type_handler_version": "9.5",
            "virtual_machine_id": "/subscriptions/bde1e6fb-e8fa-4a3a-99ae-a1a1bc99769a/resourceGroups/AzureDevOps-RG/providers/Microsoft.Compute/virtualMachines/sree1"
          },
          "sensitive_attributes": [],
          "private": "eyJlMmJmYjczMC1lY2FhLTExZTYtOGY4OC0zNDM2M2JjN2M0YzAiOnsiY3JlYXRlIjoxODAwMDAwMDAwMDAwLCJkZWxldGUiOjE4MDAwMDAwMDAwMDAsInJlYWQiOjMwMDAwMDAwMDAwMCwidXBkYXRlIjoxODAwMDAwMDAwMDAwfX0=",
          "dependencies": [
            "data.azurerm_virtual_machine.example"
          ]
        }
      ]
    }
  ]
}
